// !$*UTF8*$!
{
	archiveVersion = 1;
	classes = {
	};
	objectVersion = 50;
	objects = {

/* Begin PBXBuildFile section */
		AB1029C7215F7631000B091C /* NavigationController.swift in Sources */ = {isa = PBXBuildFile; fileRef = AB1029C6215F7631000B091C /* NavigationController.swift */; };
		AB6A6AE4215B9C9A008AECFC /* Contentss.swift in Sources */ = {isa = PBXBuildFile; fileRef = AB6A6AE3215B9C9A008AECFC /* Contentss.swift */; };
		ABC42D77215781AD00EBD1E0 /* AppDelegate.swift in Sources */ = {isa = PBXBuildFile; fileRef = ABC42D76215781AD00EBD1E0 /* AppDelegate.swift */; };
		ABC42D79215781AD00EBD1E0 /* ViewController.swift in Sources */ = {isa = PBXBuildFile; fileRef = ABC42D78215781AD00EBD1E0 /* ViewController.swift */; };
		ABC42D7C215781AD00EBD1E0 /* Main.storyboard in Resources */ = {isa = PBXBuildFile; fileRef = ABC42D7A215781AD00EBD1E0 /* Main.storyboard */; };
		ABC42D7F215781AD00EBD1E0 /* toDoList.xcdatamodeld in Sources */ = {isa = PBXBuildFile; fileRef = ABC42D7D215781AD00EBD1E0 /* toDoList.xcdatamodeld */; };
		ABC42D81215781B100EBD1E0 /* Assets.xcassets in Resources */ = {isa = PBXBuildFile; fileRef = ABC42D80215781B100EBD1E0 /* Assets.xcassets */; };
		ABC42D84215781B100EBD1E0 /* LaunchScreen.storyboard in Resources */ = {isa = PBXBuildFile; fileRef = ABC42D82215781B100EBD1E0 /* LaunchScreen.storyboard */; };
		ABC42D8C2157867B00EBD1E0 /* AddViewController.swift in Sources */ = {isa = PBXBuildFile; fileRef = ABC42D8B2157867B00EBD1E0 /* AddViewController.swift */; };
		ABC42D8E2157885500EBD1E0 /* ContentTableViewCell.swift in Sources */ = {isa = PBXBuildFile; fileRef = ABC42D8D2157885500EBD1E0 /* ContentTableViewCell.swift */; };
		ABDDE8F12157962100EB8CB3 /* Pods_toDoList.framework in Frameworks */ = {isa = PBXBuildFile; fileRef = DF4367D3DB9997B6D3050526 /* Pods_toDoList.framework */; };
/* End PBXBuildFile section */

/* Begin PBXFileReference section */
		692019B56630EA3DC4FEF0A8 /* Pods-toDoList.debug.xcconfig */ = {isa = PBXFileReference; includeInIndex = 1; lastKnownFileType = text.xcconfig; name = "Pods-toDoList.debug.xcconfig"; path = "Pods/Target Support Files/Pods-toDoList/Pods-toDoList.debug.xcconfig"; sourceTree = "<group>"; };
		AB1029C6215F7631000B091C /* NavigationController.swift */ = {isa = PBXFileReference; lastKnownFileType = sourcecode.swift; path = NavigationController.swift; sourceTree = "<group>"; };
		AB6A6AE3215B9C9A008AECFC /* Contentss.swift */ = {isa = PBXFileReference; lastKnownFileType = sourcecode.swift; path = Contentss.swift; sourceTree = "<group>"; };
		ABC42D73215781AD00EBD1E0 /* toDoList.app */ = {isa = PBXFileReference; explicitFileType = wrapper.application; includeInIndex = 0; path = toDoList.app; sourceTree = BUILT_PRODUCTS_DIR; };
		ABC42D76215781AD00EBD1E0 /* AppDelegate.swift */ = {isa = PBXFileReference; lastKnownFileType = sourcecode.swift; path = AppDelegate.swift; sourceTree = "<group>"; };
		ABC42D78215781AD00EBD1E0 /* ViewController.swift */ = {isa = PBXFileReference; lastKnownFileType = sourcecode.swift; path = ViewController.swift; sourceTree = "<group>"; };
		ABC42D7B215781AD00EBD1E0 /* Base */ = {isa = PBXFileReference; lastKnownFileType = file.storyboard; name = Base; path = Base.lproj/Main.storyboard; sourceTree = "<group>"; };
		ABC42D7E215781AD00EBD1E0 /* toDoList.xcdatamodel */ = {isa = PBXFileReference; lastKnownFileType = wrapper.xcdatamodel; path = toDoList.xcdatamodel; sourceTree = "<group>"; };
		ABC42D80215781B100EBD1E0 /* Assets.xcassets */ = {isa = PBXFileReference; lastKnownFileType = folder.assetcatalog; path = Assets.xcassets; sourceTree = "<group>"; };
		ABC42D83215781B100EBD1E0 /* Base */ = {isa = PBXFileReference; lastKnownFileType = file.storyboard; name = Base; path = Base.lproj/LaunchScreen.storyboard; sourceTree = "<group>"; };
		ABC42D85215781B100EBD1E0 /* Info.plist */ = {isa = PBXFileReference; lastKnownFileType = text.plist.xml; path = Info.plist; sourceTree = "<group>"; };
		ABC42D8B2157867B00EBD1E0 /* AddViewController.swift */ = {isa = PBXFileReference; lastKnownFileType = sourcecode.swift; path = AddViewController.swift; sourceTree = "<group>"; };
		ABC42D8D2157885500EBD1E0 /* ContentTableViewCell.swift */ = {isa = PBXFileReference; lastKnownFileType = sourcecode.swift; path = ContentTableViewCell.swift; sourceTree = "<group>"; };
		ABEB087E21579FAA0007772C /* UICheckbox_Swift.framework */ = {isa = PBXFileReference; explicitFileType = wrapper.framework; path = UICheckbox_Swift.framework; sourceTree = BUILT_PRODUCTS_DIR; };
		D6F0BAA87BDC1CDDEADD9C21 /* Pods-toDoList.release.xcconfig */ = {isa = PBXFileReference; includeInIndex = 1; lastKnownFileType = text.xcconfig; name = "Pods-toDoList.release.xcconfig"; path = "Pods/Target Support Files/Pods-toDoList/Pods-toDoList.release.xcconfig"; sourceTree = "<group>"; };
		DF4367D3DB9997B6D3050526 /* Pods_toDoList.framework */ = {isa = PBXFileReference; explicitFileType = wrapper.framework; includeInIndex = 0; path = Pods_toDoList.framework; sourceTree = BUILT_PRODUCTS_DIR; };
/* End PBXFileReference section */

/* Begin PBXFrameworksBuildPhase section */
		ABC42D70215781AD00EBD1E0 /* Frameworks */ = {
			isa = PBXFrameworksBuildPhase;
			buildActionMask = 2147483647;
			files = (
				ABDDE8F12157962100EB8CB3 /* Pods_toDoList.framework in Frameworks */,
			);
			runOnlyForDeploymentPostprocessing = 0;
		};
/* End PBXFrameworksBuildPhase section */

/* Begin PBXGroup section */
		53D38B593ECB7396179A6D13 /* Frameworks */ = {
			isa = PBXGroup;
			children = (
				DF4367D3DB9997B6D3050526 /* Pods_toDoList.framework */,
			);
			name = Frameworks;
			sourceTree = "<group>";
		};
		ABC42D6A215781AD00EBD1E0 = {
			isa = PBXGroup;
			children = (
				ABEB087E21579FAA0007772C /* UICheckbox_Swift.framework */,
				ABC42D75215781AD00EBD1E0 /* toDoList */,
				ABC42D74215781AD00EBD1E0 /* Products */,
				EC1978443C1E1280D2CED545 /* Pods */,
				53D38B593ECB7396179A6D13 /* Frameworks */,
			);
			sourceTree = "<group>";
		};
		ABC42D74215781AD00EBD1E0 /* Products */ = {
			isa = PBXGroup;
			children = (
				ABC42D73215781AD00EBD1E0 /* toDoList.app */,
			);
			name = Products;
			sourceTree = "<group>";
		};
		ABC42D75215781AD00EBD1E0 /* toDoList */ = {
			isa = PBXGroup;
			children = (
				ABC42D76215781AD00EBD1E0 /* AppDelegate.swift */,
				ABC42D78215781AD00EBD1E0 /* ViewController.swift */,
				AB6A6AE3215B9C9A008AECFC /* Contentss.swift */,
				ABC42D7A215781AD00EBD1E0 /* Main.storyboard */,
				AB1029C6215F7631000B091C /* NavigationController.swift */,
				ABC42D8B2157867B00EBD1E0 /* AddViewController.swift */,
				ABC42D8D2157885500EBD1E0 /* ContentTableViewCell.swift */,
				ABC42D80215781B100EBD1E0 /* Assets.xcassets */,
				ABC42D82215781B100EBD1E0 /* LaunchScreen.storyboard */,
				ABC42D85215781B100EBD1E0 /* Info.plist */,
				ABC42D7D215781AD00EBD1E0 /* toDoList.xcdatamodeld */,
			);
			path = toDoList;
			sourceTree = "<group>";
		};
		EC1978443C1E1280D2CED545 /* Pods */ = {
			isa = PBXGroup;
			children = (
				692019B56630EA3DC4FEF0A8 /* Pods-toDoList.debug.xcconfig */,
				D6F0BAA87BDC1CDDEADD9C21 /* Pods-toDoList.release.xcconfig */,
			);
			name = Pods;
			sourceTree = "<group>";
		};
/* End PBXGroup section */

/* Begin PBXNativeTarget section */
		ABC42D72215781AD00EBD1E0 /* toDoList */ = {
			isa = PBXNativeTarget;
			buildConfigurationList = ABC42D88215781B100EBD1E0 /* Build configuration list for PBXNativeTarget "toDoList" */;
			buildPhases = (
				12657FC897B6E87BEC4422B6 /* [CP] Check Pods Manifest.lock */,
				ABC42D6F215781AD00EBD1E0 /* Sources */,
				ABC42D70215781AD00EBD1E0 /* Frameworks */,
				ABC42D71215781AD00EBD1E0 /* Resources */,
				FDC9CD7A439144B301A5F964 /* [CP] Embed Pods Frameworks */,
			);
			buildRules = (
			);
			dependencies = (
			);
			name = toDoList;
			productName = toDoList;
			productReference = ABC42D73215781AD00EBD1E0 /* toDoList.app */;
			productType = "com.apple.product-type.application";
		};
/* End PBXNativeTarget section */

/* Begin PBXProject section */
		ABC42D6B215781AD00EBD1E0 /* Project object */ = {
			isa = PBXProject;
			attributes = {
				LastSwiftUpdateCheck = 1000;
				LastUpgradeCheck = 1000;
				ORGANIZATIONNAME = "TALHA AYAR";
				TargetAttributes = {
					ABC42D72215781AD00EBD1E0 = {
						CreatedOnToolsVersion = 10.0;
					};
				};
			};
			buildConfigurationList = ABC42D6E215781AD00EBD1E0 /* Build configuration list for PBXProject "toDoList" */;
			compatibilityVersion = "Xcode 9.3";
			developmentRegion = en;
			hasScannedForEncodings = 0;
			knownRegions = (
				en,
				Base,
			);
			mainGroup = ABC42D6A215781AD00EBD1E0;
			productRefGroup = ABC42D74215781AD00EBD1E0 /* Products */;
			projectDirPath = "";
			projectRoot = "";
			targets = (
				ABC42D72215781AD00EBD1E0 /* toDoList */,
			);
		};
/* End PBXProject section */

/* Begin PBXResourcesBuildPhase section */
		ABC42D71215781AD00EBD1E0 /* Resources */ = {
			isa = PBXResourcesBuildPhase;
			buildActionMask = 2147483647;
			files = (
				ABC42D84215781B100EBD1E0 /* LaunchScreen.storyboard in Resources */,
				ABC42D81215781B100EBD1E0 /* Assets.xcassets in Resources */,
				ABC42D7C215781AD00EBD1E0 /* Main.storyboard in Resources */,
			);
			runOnlyForDeploymentPostprocessing = 0;
		};
/* End PBXResourcesBuildPhase section */

/* Begin PBXShellScriptBuildPhase section */
		12657FC897B6E87BEC4422B6 /* [CP] Check Pods Manifest.lock */ = {
			isa = PBXShellScriptBuildPhase;
			buildActionMask = 2147483647;
			files = (
			);
			inputFileListPaths = (
			);
			inputPaths = (
				"${PODS_PODFILE_DIR_PATH}/Podfile.lock",
				"${PODS_ROOT}/Manifest.lock",
			);
			name = "[CP] Check Pods Manifest.lock";
			outputFileListPaths = (
			);
			outputPaths = (
				"$(DERIVED_FILE_DIR)/Pods-toDoList-checkManifestLockResult.txt",
			);
			runOnlyForDeploymentPostprocessing = 0;
			shellPath = /bin/sh;
			shellScript = "diff \"${PODS_PODFILE_DIR_PATH}/Podfile.lock\" \"${PODS_ROOT}/Manifest.lock\" > /dev/null\nif [ $? != 0 ] ; then\n    # print error to STDERR\n    echo \"error: The sandbox is not in sync with the Podfile.lock. Run 'pod install' or update your CocoaPods installation.\" >&2\n    exit 1\nfi\n# This output is used by Xcode 'outputs' to avoid re-running this script phase.\necho \"SUCCESS\" > \"${SCRIPT_OUTPUT_FILE_0}\"\n";
			showEnvVarsInLog = 0;
		};
		FDC9CD7A439144B301A5F964 /* [CP] Embed Pods Frameworks */ = {
			isa = PBXShellScriptBuildPhase;
			buildActionMask = 2147483647;
			files = (
			);
			inputFileListPaths = (
			);
			inputPaths = (
				"${SRCROOT}/Pods/Target Support Files/Pods-toDoList/Pods-toDoList-frameworks.sh",
				"${BUILT_PRODUCTS_DIR}/SCLAlertView/SCLAlertView.framework",
				"${BUILT_PRODUCTS_DIR}/UICheckbox.Swift/UICheckbox_Swift.framework",
			);
			name = "[CP] Embed Pods Frameworks";
			outputFileListPaths = (
			);
			outputPaths = (
				"${TARGET_BUILD_DIR}/${FRAMEWORKS_FOLDER_PATH}/SCLAlertView.framework",
				"${TARGET_BUILD_DIR}/${FRAMEWORKS_FOLDER_PATH}/UICheckbox_Swift.framework",
			);
			runOnlyForDeploymentPostprocessing = 0;
			shellPath = /bin/sh;
			shellScript = "\"${SRCROOT}/Pods/Target Support Files/Pods-toDoList/Pods-toDoList-frameworks.sh\"\n";
			showEnvVarsInLog = 0;
		};
/* End PBXShellScriptBuildPhase section */

/* Begin PBXSourcesBuildPhase section */
		ABC42D6F215781AD00EBD1E0 /* Sources */ = {
			isa = PBXSourcesBuildPhase;
			buildActionMask = 2147483647;
			files = (
				ABC42D79215781AD00EBD1E0 /* ViewController.swift in Sources */,
				ABC42D7F215781AD00EBD1E0 /* toDoList.xcdatamodeld in Sources */,
				ABC42D8C2157867B00EBD1E0 /* AddViewController.swift in Sources */,
				ABC42D77215781AD00EBD1E0 /* AppDelegate.swift in Sources */,
				ABC42D8E2157885500EBD1E0 /* ContentTableViewCell.swift in Sources */,
				AB1029C7215F7631000B091C /* NavigationController.swift in Sources */,
				AB6A6AE4215B9C9A008AECFC /* Contentss.swift in Sources */,
			);
			runOnlyForDeploymentPostprocessing = 0;
		};
/* End PBXSourcesBuildPhase section */

/* Begin PBXVariantGroup section */
		ABC42D7A215781AD00EBD1E0 /* Main.storyboard */ = {
			isa = PBXVariantGroup;
			children = (
				ABC42D7B215781AD00EBD1E0 /* Base */,
			);
			name = Main.storyboard;
			sourceTree = "<group>";
		};
		ABC42D82215781B100EBD1E0 /* LaunchScreen.storyboard */ = {
			isa = PBXVariantGroup;
			children = (
				ABC42D83215781B100EBD1E0 /* Base */,
			);
			name = LaunchScreen.storyboard;
			sourceTree = "<group>";
		};
/* End PBXVariantGroup section */

/* Begin XCBuildConfiguration section */
		ABC42D86215781B100EBD1E0 /* Debug */ = {
			isa = XCBuildConfiguration;
			buildSettings = {
				ALWAYS_SEARCH_USER_PATHS = NO;
				CLANG_ANALYZER_NONNULL = YES;
				CLANG_ANALYZER_NUMBER_OBJECT_CONVERSION = YES_AGGRESSIVE;
				CLANG_CXX_LANGUAGE_STANDARD = "gnu++14";
				CLANG_CXX_LIBRARY = "libc++";
				CLANG_ENABLE_MODULES = YES;
				CLANG_ENABLE_OBJC_ARC = YES;
				CLANG_ENABLE_OBJC_WEAK = YES;
				CLANG_WARN_BLOCK_CAPTURE_AUTORELEASING = YES;
				CLANG_WARN_BOOL_CONVERSION = YES;
				CLANG_WARN_COMMA = YES;
				CLANG_WARN_CONSTANT_CONVERSION = YES;
				CLANG_WARN_DEPRECATED_OBJC_IMPLEMENTATIONS = YES;
				CLANG_WARN_DIRECT_OBJC_ISA_USAGE = YES_ERROR;
				CLANG_WARN_DOCUMENTATION_COMMENTS = YES;
				CLANG_WARN_EMPTY_BODY = YES;
				CLANG_WARN_ENUM_CONVERSION = YES;
				CLANG_WARN_INFINITE_RECURSION = YES;
				CLANG_WARN_INT_CONVERSION = YES;
				CLANG_WARN_NON_LITERAL_NULL_CONVERSION = YES;
				CLANG_WARN_OBJC_IMPLICIT_RETAIN_SELF = YES;
				CLANG_WARN_OBJC_LITERAL_CONVERSION = YES;
				CLANG_WARN_OBJC_ROOT_CLASS = YES_ERROR;
				CLANG_WARN_RANGE_LOOP_ANALYSIS = YES;
				CLANG_WARN_STRICT_PROTOTYPES = YES;
				CLANG_WARN_SUSPICIOUS_MOVE = YES;
				CLANG_WARN_UNGUARDED_AVAILABILITY = YES_AGGRESSIVE;
				CLANG_WARN_UNREACHABLE_CODE = YES;
				CLANG_WARN__DUPLICATE_METHOD_MATCH = YES;
				CODE_SIGN_IDENTITY = "iPhone Developer";
				COPY_PHASE_STRIP = NO;
				DEBUG_INFORMATION_FORMAT = dwarf;
				ENABLE_STRICT_OBJC_MSGSEND = YES;
				ENABLE_TESTABILITY = YES;
				GCC_C_LANGUAGE_STANDARD = gnu11;
				GCC_DYNAMIC_NO_PIC = NO;
				GCC_NO_COMMON_BLOCKS = YES;
				GCC_OPTIMIZATION_LEVEL = 0;
				GCC_PREPROCESSOR_DEFINITIONS = (
					"DEBUG=1",
					"$(inherited)",
				);
				GCC_WARN_64_TO_32_BIT_CONVERSION = YES;
				GCC_WARN_ABOUT_RETURN_TYPE = YES_ERROR;
				GCC_WARN_UNDECLARED_SELECTOR = YES;
				GCC_WARN_UNINITIALIZED_AUTOS = YES_AGGRESSIVE;
				GCC_WARN_UNUSED_FUNCTION = YES;
				GCC_WARN_UNUSED_VARIABLE = YES;
				IPHONEOS_DEPLOYMENT_TARGET = 12.0;
				MTL_ENABLE_DEBUG_INFO = INCLUDE_SOURCE;
				MTL_FAST_MATH = YES;
				ONLY_ACTIVE_ARCH = YES;
				SDKROOT = iphoneos;
				SWIFT_ACTIVE_COMPILATION_CONDITIONS = DEBUG;
				SWIFT_OPTIMIZATION_LEVEL = "-Onone";
			};
			name = Debug;
		};
		ABC42D87215781B100EBD1E0 /* Release */ = {
			isa = XCBuildConfiguration;
			buildSettings = {
				ALWAYS_SEARCH_USER_PATHS = NO;
				CLANG_ANALYZER_NONNULL = YES;
				CLANG_ANALYZER_NUMBER_OBJECT_CONVERSION = YES_AGGRESSIVE;
				CLANG_CXX_LANGUAGE_STANDARD = "gnu++14";
				CLANG_CXX_LIBRARY = "libc++";
				CLANG_ENABLE_MODULES = YES;
				CLANG_ENABLE_OBJC_ARC = YES;
				CLANG_ENABLE_OBJC_WEAK = YES;
				CLANG_WARN_BLOCK_CAPTURE_AUTORELEASING = YES;
				CLANG_WARN_BOOL_CONVERSION = YES;
				CLANG_WARN_COMMA = YES;
				CLANG_WARN_CONSTANT_CONVERSION = YES;
				CLANG_WARN_DEPRECATED_OBJC_IMPLEMENTATIONS = YES;
				CLANG_WARN_DIRECT_OBJC_ISA_USAGE = YES_ERROR;
				CLANG_WARN_DOCUMENTATION_COMMENTS = YES;
				CLANG_WARN_EMPTY_BODY = YES;
				CLANG_WARN_ENUM_CONVERSION = YES;
				CLANG_WARN_INFINITE_RECURSION = YES;
				CLANG_WARN_INT_CONVERSION = YES;
				CLANG_WARN_NON_LITERAL_NULL_CONVERSION = YES;
				CLANG_WARN_OBJC_IMPLICIT_RETAIN_SELF = YES;
				CLANG_WARN_OBJC_LITERAL_CONVERSION = YES;
				CLANG_WARN_OBJC_ROOT_CLASS = YES_ERROR;
				CLANG_WARN_RANGE_LOOP_ANALYSIS = YES;
				CLANG_WARN_STRICT_PROTOTYPES = YES;
				CLANG_WARN_SUSPICIOUS_MOVE = YES;
				CLANG_WARN_UNGUARDED_AVAILABILITY = YES_AGGRESSIVE;
				CLANG_WARN_UNREACHABLE_CODE = YES;
				CLANG_WARN__DUPLICATE_METHOD_MATCH = YES;
				CODE_SIGN_IDENTITY = "iPhone Developer";
				COPY_PHASE_STRIP = NO;
				DEBUG_INFORMATION_FORMAT = "dwarf-with-dsym";
				ENABLE_NS_ASSERTIONS = NO;
				ENABLE_STRICT_OBJC_MSGSEND = YES;
				GCC_C_LANGUAGE_STANDARD = gnu11;
				GCC_NO_COMMON_BLOCKS = YES;
				GCC_WARN_64_TO_32_BIT_CONVERSION = YES;
				GCC_WARN_ABOUT_RETURN_TYPE = YES_ERROR;
				GCC_WARN_UNDECLARED_SELECTOR = YES;
				GCC_WARN_UNINITIALIZED_AUTOS = YES_AGGRESSIVE;
				GCC_WARN_UNUSED_FUNCTION = YES;
				GCC_WARN_UNUSED_VARIABLE = YES;
				IPHONEOS_DEPLOYMENT_TARGET = 12.0;
				MTL_ENABLE_DEBUG_INFO = NO;
				MTL_FAST_MATH = YES;
				SDKROOT = iphoneos;
				SWIFT_COMPILATION_MODE = wholemodule;
				SWIFT_OPTIMIZATION_LEVEL = "-O";
				VALIDATE_PRODUCT = YES;
			};
			name = Release;
		};
		ABC42D89215781B100EBD1E0 /* Debug */ = {
			isa = XCBuildConfiguration;
			baseConfigurationReference = 692019B56630EA3DC4FEF0A8 /* Pods-toDoList.debug.xcconfig */;
			buildSettings = {
				ASSETCATALOG_COMPILER_APPICON_NAME = AppIcon;
				CODE_SIGN_STYLE = Automatic;
				INFOPLIST_FILE = toDoList/Info.plist;
				LD_RUNPATH_SEARCH_PATHS = (
					"$(inherited)",
					"@executable_path/Frameworks",
				);
				PRODUCT_BUNDLE_IDENTIFIER = Talha.toDoList;
				PRODUCT_NAME = "$(TARGET_NAME)";
				SWIFT_VERSION = 4.2;
				TARGETED_DEVICE_FAMILY = "1,2";
			};
			name = Debug;
		};
		ABC42D8A215781B100EBD1E0 /* Release */ = {
			isa = XCBuildConfiguration;
			baseConfigurationReference = D6F0BAA87BDC1CDDEADD9C21 /* Pods-toDoList.release.xcconfig */;
			buildSettings = {
				ASSETCATALOG_COMPILER_APPICON_NAME = AppIcon;
				CODE_SIGN_STYLE = Automatic;
				INFOPLIST_FILE = toDoList/Info.plist;
				LD_RUNPATH_SEARCH_PATHS = (
					"$(inherited)",
					"@executable_path/Frameworks",
				);
				PRODUCT_BUNDLE_IDENTIFIER = Talha.toDoList;
				PRODUCT_NAME = "$(TARGET_NAME)";
				SWIFT_VERSION = 4.2;
				TARGETED_DEVICE_FAMILY = "1,2";
			};
			name = Release;
		};
/* End XCBuildConfiguration section */

/* Begin XCConfigurationList section */
		ABC42D6E215781AD00EBD1E0 /* Build configuration list for PBXProject "toDoList" */ = {
			isa = XCConfigurationList;
			buildConfigurations = (
				ABC42D86215781B100EBD1E0 /* Debug */,
				ABC42D87215781B100EBD1E0 /* Release */,
			);
			defaultConfigurationIsVisible = 0;
			defaultConfigurationName = Release;
		};
		ABC42D88215781B100EBD1E0 /* Build configuration list for PBXNativeTarget "toDoList" */ = {
			isa = XCConfigurationList;
			buildConfigurations = (
				ABC42D89215781B100EBD1E0 /* Debug */,
				ABC42D8A215781B100EBD1E0 /* Release */,
			);
			defaultConfigurationIsVisible = 0;
			defaultConfigurationName = Release;
		};
/* End XCConfigurationList section */

/* Begin XCVersionGroup section */
		ABC42D7D215781AD00EBD1E0 /* toDoList.xcdatamodeld */ = {
			isa = XCVersionGroup;
			children = (
				ABC42D7E215781AD00EBD1E0 /* toDoList.xcdatamodel */,
			);
			currentVersion = ABC42D7E215781AD00EBD1E0 /* toDoList.xcdatamodel */;
			path = toDoList.xcdatamodeld;
			sourceTree = "<group>";
			versionGroupType = wrapper.xcdatamodel;
		};
/* End XCVersionGroup section */
	};
	rootObject = ABC42D6B215781AD00EBD1E0 /* Project object */;
}
